
Microsoft Visual Studio Solution File, Format Version 12.00
# Visual Studio Version 16
VisualStudioVersion = 16.0.30114.105
MinimumVisualStudioVersion = 10.0.40219.1
Project("{FAE04EC0-301F-11D3-BF4B-00C04F79EFBC}") = "TTGModel", "TTGModel\TTGModel.csproj", "{67977EBA-C955-4F76-97BD-C2DD33084662}"
EndProject
Project("{FAE04EC0-301F-11D3-BF4B-00C04F79EFBC}") = "TTGUI", "TTGUI\TTGUI.csproj", "{5B938EE3-26C9-44E7-AB8A-F0476824AE60}"
EndProject
Project("{FAE04EC0-301F-11D3-BF4B-00C04F79EFBC}") = "TTGBL", "TTGBL\TTGBL.csproj", "{D7F67DC1-69F2-45AB-A454-DF9242113872}"
EndProject
Project("{FAE04EC0-301F-11D3-BF4B-00C04F79EFBC}") = "TTGDL", "TTGDL\TTGDL.csproj", "{C48C9992-AB2A-4D5F-92FF-51DBB6449F87}"
EndProject
Project("{FAE04EC0-301F-11D3-BF4B-00C04F79EFBC}") = "TTGTest", "TTGTest\TTGTest.csproj", "{B7258B39-B99B-4FFD-BD19-65DB8377C7C0}"
EndProject
Global
	GlobalSection(SolutionConfigurationPlatforms) = preSolution
		Debug|Any CPU = Debug|Any CPU
		Debug|x64 = Debug|x64
		Debug|x86 = Debug|x86
		Release|Any CPU = Release|Any CPU
		Release|x64 = Release|x64
		Release|x86 = Release|x86
	EndGlobalSection
	GlobalSection(SolutionProperties) = preSolution
		HideSolutionNode = FALSE
	EndGlobalSection
	GlobalSection(ProjectConfigurationPlatforms) = postSolution
		{67977EBA-C955-4F76-97BD-C2DD33084662}.Debug|Any CPU.ActiveCfg = Debug|Any CPU
		{67977EBA-C955-4F76-97BD-C2DD33084662}.Debug|Any CPU.Build.0 = Debug|Any CPU
		{67977EBA-C955-4F76-97BD-C2DD33084662}.Debug|x64.ActiveCfg = Debug|Any CPU
		{67977EBA-C955-4F76-97BD-C2DD33084662}.Debug|x64.Build.0 = Debug|Any CPU
		{67977EBA-C955-4F76-97BD-C2DD33084662}.Debug|x86.ActiveCfg = Debug|Any CPU
		{67977EBA-C955-4F76-97BD-C2DD33084662}.Debug|x86.Build.0 = Debug|Any CPU
		{67977EBA-C955-4F76-97BD-C2DD33084662}.Release|Any CPU.ActiveCfg = Release|Any CPU
		{67977EBA-C955-4F76-97BD-C2DD33084662}.Release|Any CPU.Build.0 = Release|Any CPU
		{67977EBA-C955-4F76-97BD-C2DD33084662}.Release|x64.ActiveCfg = Release|Any CPU
		{67977EBA-C955-4F76-97BD-C2DD33084662}.Release|x64.Build.0 = Release|Any CPU
		{67977EBA-C955-4F76-97BD-C2DD33084662}.Release|x86.ActiveCfg = Release|Any CPU
		{67977EBA-C955-4F76-97BD-C2DD33084662}.Release|x86.Build.0 = Release|Any CPU
		{5B938EE3-26C9-44E7-AB8A-F0476824AE60}.Debug|Any CPU.ActiveCfg = Debug|Any CPU
		{5B938EE3-26C9-44E7-AB8A-F0476824AE60}.Debug|Any CPU.Build.0 = Debug|Any CPU
		{5B938EE3-26C9-44E7-AB8A-F0476824AE60}.Debug|x64.ActiveCfg = Debug|Any CPU
		{5B938EE3-26C9-44E7-AB8A-F0476824AE60}.Debug|x64.Build.0 = Debug|Any CPU
		{5B938EE3-26C9-44E7-AB8A-F0476824AE60}.Debug|x86.ActiveCfg = Debug|Any CPU
		{5B938EE3-26C9-44E7-AB8A-F0476824AE60}.Debug|x86.Build.0 = Debug|Any CPU
		{5B938EE3-26C9-44E7-AB8A-F0476824AE60}.Release|Any CPU.ActiveCfg = Release|Any CPU
		{5B938EE3-26C9-44E7-AB8A-F0476824AE60}.Release|Any CPU.Build.0 = Release|Any CPU
		{5B938EE3-26C9-44E7-AB8A-F0476824AE60}.Release|x64.ActiveCfg = Release|Any CPU
		{5B938EE3-26C9-44E7-AB8A-F0476824AE60}.Release|x64.Build.0 = Release|Any CPU
		{5B938EE3-26C9-44E7-AB8A-F0476824AE60}.Release|x86.ActiveCfg = Release|Any CPU
		{5B938EE3-26C9-44E7-AB8A-F0476824AE60}.Release|x86.Build.0 = Release|Any CPU
		{D7F67DC1-69F2-45AB-A454-DF9242113872}.Debug|Any CPU.ActiveCfg = Debug|Any CPU
		{D7F67DC1-69F2-45AB-A454-DF9242113872}.Debug|Any CPU.Build.0 = Debug|Any CPU
		{D7F67DC1-69F2-45AB-A454-DF9242113872}.Debug|x64.ActiveCfg = Debug|Any CPU
		{D7F67DC1-69F2-45AB-A454-DF9242113872}.Debug|x64.Build.0 = Debug|Any CPU
		{D7F67DC1-69F2-45AB-A454-DF9242113872}.Debug|x86.ActiveCfg = Debug|Any CPU
		{D7F67DC1-69F2-45AB-A454-DF9242113872}.Debug|x86.Build.0 = Debug|Any CPU
		{D7F67DC1-69F2-45AB-A454-DF9242113872}.Release|Any CPU.ActiveCfg = Release|Any CPU
		{D7F67DC1-69F2-45AB-A454-DF9242113872}.Release|Any CPU.Build.0 = Release|Any CPU
		{D7F67DC1-69F2-45AB-A454-DF9242113872}.Release|x64.ActiveCfg = Release|Any CPU
		{D7F67DC1-69F2-45AB-A454-DF9242113872}.Release|x64.Build.0 = Release|Any CPU
		{D7F67DC1-69F2-45AB-A454-DF9242113872}.Release|x86.ActiveCfg = Release|Any CPU
		{D7F67DC1-69F2-45AB-A454-DF9242113872}.Release|x86.Build.0 = Release|Any CPU
		{C48C9992-AB2A-4D5F-92FF-51DBB6449F87}.Debug|Any CPU.ActiveCfg = Debug|Any CPU
		{C48C9992-AB2A-4D5F-92FF-51DBB6449F87}.Debug|Any CPU.Build.0 = Debug|Any CPU
		{C48C9992-AB2A-4D5F-92FF-51DBB6449F87}.Debug|x64.ActiveCfg = Debug|Any CPU
		{C48C9992-AB2A-4D5F-92FF-51DBB6449F87}.Debug|x64.Build.0 = Debug|Any CPU
		{C48C9992-AB2A-4D5F-92FF-51DBB6449F87}.Debug|x86.ActiveCfg = Debug|Any CPU
		{C48C9992-AB2A-4D5F-92FF-51DBB6449F87}.Debug|x86.Build.0 = Debug|Any CPU
		{C48C9992-AB2A-4D5F-92FF-51DBB6449F87}.Release|Any CPU.ActiveCfg = Release|Any CPU
		{C48C9992-AB2A-4D5F-92FF-51DBB6449F87}.Release|Any CPU.Build.0 = Release|Any CPU
		{C48C9992-AB2A-4D5F-92FF-51DBB6449F87}.Release|x64.ActiveCfg = Release|Any CPU
		{C48C9992-AB2A-4D5F-92FF-51DBB6449F87}.Release|x64.Build.0 = Release|Any CPU
		{C48C9992-AB2A-4D5F-92FF-51DBB6449F87}.Release|x86.ActiveCfg = Release|Any CPU
		{C48C9992-AB2A-4D5F-92FF-51DBB6449F87}.Release|x86.Build.0 = Release|Any CPU
		{B7258B39-B99B-4FFD-BD19-65DB8377C7C0}.Debug|Any CPU.ActiveCfg = Debug|Any CPU
		{B7258B39-B99B-4FFD-BD19-65DB8377C7C0}.Debug|Any CPU.Build.0 = Debug|Any CPU
		{B7258B39-B99B-4FFD-BD19-65DB8377C7C0}.Debug|x64.ActiveCfg = Debug|Any CPU
		{B7258B39-B99B-4FFD-BD19-65DB8377C7C0}.Debug|x64.Build.0 = Debug|Any CPU
		{B7258B39-B99B-4FFD-BD19-65DB8377C7C0}.Debug|x86.ActiveCfg = Debug|Any CPU
		{B7258B39-B99B-4FFD-BD19-65DB8377C7C0}.Debug|x86.Build.0 = Debug|Any CPU
		{B7258B39-B99B-4FFD-BD19-65DB8377C7C0}.Release|Any CPU.ActiveCfg = Release|Any CPU
		{B7258B39-B99B-4FFD-BD19-65DB8377C7C0}.Release|Any CPU.Build.0 = Release|Any CPU
		{B7258B39-B99B-4FFD-BD19-65DB8377C7C0}.Release|x64.ActiveCfg = Release|Any CPU
		{B7258B39-B99B-4FFD-BD19-65DB8377C7C0}.Release|x64.Build.0 = Release|Any CPU
		{B7258B39-B99B-4FFD-BD19-65DB8377C7C0}.Release|x86.ActiveCfg = Release|Any CPU
		{B7258B39-B99B-4FFD-BD19-65DB8377C7C0}.Release|x86.Build.0 = Release|Any CPU
	EndGlobalSection
EndGlobal
